lockfileVersion: '9.0'

settings:
  autoInstallPeers: true
  excludeLinksFromLockfile: false

overrides:
  branchlint: '@mi/branchlint'

importers:

  .:
    dependencies:
      '@types/react':
        specifier: '>=17.0.2'
        version: 19.2.10

packages:

  '@types/react@19.2.10':
    resolution: {integrity: sha512-WPigyYuGhgZ/cTPRXB2EwUw+XvsRA3GqHlsP4qteqrnnjDrApbS7MxcGr/hke5iUoeB7E/gQtrs9I37zAJ0Vjw==}

  csstype@3.2.3:
    resolution: {integrity: sha512-z1HGKcYy2xA8AGQfwrn0PAy+PB7X/GSj3UVJW9qKyn43xWa+gl5nXmU4qqLMRzWVLFC8KusUX8T/0kCiOYpAIQ==}

snapshots:

  '@types/react@19.2.10':
    dependencies:
      csstype: 3.2.3

  csstype@3.2.3: {}
